<?xml version="1.0" encoding="utf-8"?>
<Project ToolsVersion="4.0" xmlns="http://schemas.microsoft.com/developer/msbuild/2003">
  <ItemGroup>
    <ClInclude Include="scr\global.hpp" />
    <ClInclude Include="scr\Light.hpp" />
    <ClInclude Include="scr\Object.hpp" />
    <ClInclude Include="scr\Renderer.hpp" />
    <ClInclude Include="scr\Scene.hpp" />
    <ClInclude Include="scr\Sphere.hpp" />
    <ClInclude Include="scr\Triangle.hpp" />
    <ClInclude Include="scr\Vector.hpp" />
  </ItemGroup>
  <ItemGroup>
    <ClCompile Include="scr\main.cpp" />
    <ClCompile Include="scr\Renderer.cpp" />
    <ClCompile Include="scr\Scene.cpp" />
  </ItemGroup>
</Project>